
Microsoft Visual Studio Solution File, Format Version 12.00
# Visual Studio 14
VisualStudioVersion = 14.0.24720.0
MinimumVisualStudioVersion = 10.0.40219.1
Project("{FAE04EC0-301F-11D3-BF4B-00C04F79EFBC}") = "Xerox Printer", "Xerox Printer\Xerox Printer.csproj", "{8C3D52ED-18AB-4176-A4C2-892200E18B92}"
EndProject
Global
	GlobalSection(SolutionConfigurationPlatforms) = preSolution
		Debug|Any CPU = Debug|Any CPU
		Release|Any CPU = Release|Any CPU
	EndGlobalSection
	GlobalSection(ProjectConfigurationPlatforms) = postSolution
		{8C3D52ED-18AB-4176-A4C2-892200E18B92}.Debug|Any CPU.ActiveCfg = Debug|Any CPU
		{8C3D52ED-18AB-4176-A4C2-892200E18B92}.Debug|Any CPU.Build.0 = Debug|Any CPU
		{8C3D52ED-18AB-4176-A4C2-892200E18B92}.Release|Any CPU.ActiveCfg = Release|Any CPU
		{8C3D52ED-18AB-4176-A4C2-892200E18B92}.Release|Any CPU.Build.0 = Release|Any CPU
	EndGlobalSection
	GlobalSection(SolutionProperties) = preSolution
		HideSolutionNode = FALSE
	EndGlobalSection
EndGlobal
